{
  "name": "xa",
  "version": "0.1.0",
  "lockfileVersion": 3,
  "requires": true,
  "packages": {
    "": {
      "name": "xa",
      "version": "0.1.0",
      "dependencies": {
        "xa": "file:../.."
      }
    },
    "../..": {
      "name": "xa",
      "version": "0.1.0"
    },
    "node_modules/xa": {
      "resolved": "../..",
      "link": true
    }
  }
}
